{
  "name": "sealedsecrets",
  "version": "1.0.0",
  "lockfileVersion": 3,
  "requires": true,
  "packages": {
    "": {
      "name": "sealedsecrets",
      "version": "1.0.0",
      "license": "ISC",
      "dependencies": {
        "@kubernetes-models/sealed-secrets": "^4.3.1"
      },
      "devDependencies": {
        "@types/node": "^20.10.4",
        "typescript": "^5.3.3"
      }
    },
    "node_modules/@kubernetes-models/apimachinery": {
      "version": "1.2.1",
      "resolved": "https://registry.npmjs.org/@kubernetes-models/apimachinery/-/apimachinery-1.2.1.tgz",
      "integrity": "sha512-mURvFnel3gaMXFchp8YeFmPBWuYifakuJnmRK1ad0Y7bxcPbcEntcb1rjdwitnHE0qTq3JZ2kBzpNqGO3+YJUw==",
      "dependencies": {
        "@kubernetes-models/base": "^4.0.3",
        "@kubernetes-models/validate": "^3.1.1",
        "tslib": "^2.4.0"
      },
      "engines": {
        "node": ">=14"
      }
    },
    "node_modules/@kubernetes-models/base": {
      "version": "4.0.3",
      "resolved": "https://registry.npmjs.org/@kubernetes-models/base/-/base-4.0.3.tgz",
      "integrity": "sha512-9Uo/RzB1ZvvPmnnpAE6yWPaFerMkpBxIHLuObexVDF813ZwVPdn56mmOOFfA6RyZtPdIT1AlhMozlHKOX16AGQ==",
      "dependencies": {
        "@kubernetes-models/validate": "^3.1.1",
        "is-plain-object": "^5.0.0",
        "tslib": "^2.4.0"
      },
      "engines": {
        "node": ">=14"
      }
    },
    "node_modules/@kubernetes-models/sealed-secrets": {
      "version": "4.3.1",
      "resolved": "https://registry.npmjs.org/@kubernetes-models/sealed-secrets/-/sealed-secrets-4.3.1.tgz",
      "integrity": "sha512-JV503ZLRDem1jU+1nD43gXGhGnD02qvPKPTKIm/qOdrV/UBi8PHJNi/PxdWDL98Nzof7P1bgPte/dmwArg4Kdw==",
      "dependencies": {
        "@kubernetes-models/apimachinery": "^1.2.1",
        "@kubernetes-models/base": "^4.0.3",
        "@kubernetes-models/validate": "^3.1.1",
        "tslib": "^2.4.0"
      },
      "engines": {
        "node": ">=14"
      }
    },
    "node_modules/@kubernetes-models/validate": {
      "version": "3.1.1",
      "resolved": "https://registry.npmjs.org/@kubernetes-models/validate/-/validate-3.1.1.tgz",
      "integrity": "sha512-s1YMn5+9jLG0S0441Tca8aukt05UqyqlloW6seJ43gdjBHWOYhfaG7ppw8Lmw0jvxF69yNV6wtYfXCTULXIfLw==",
      "dependencies": {
        "ajv": "^8.12.0",
        "ajv-formats": "^2.1.1",
        "ajv-formats-draft2019": "^1.6.1",
        "tslib": "^2.4.0"
      },
      "engines": {
        "node": ">=14"
      }
    },
    "node_modules/@types/node": {
      "version": "20.10.4",
      "resolved": "https://registry.npmjs.org/@types/node/-/node-20.10.4.tgz",
      "integrity": "sha512-D08YG6rr8X90YB56tSIuBaddy/UXAA9RKJoFvrsnogAum/0pmjkgi4+2nx96A330FmioegBWmEYQ+syqCFaveg==",
      "dev": true,
      "dependencies": {
        "undici-types": "~5.26.4"
      }
    },
    "node_modules/ajv": {
      "version": "8.12.0",
      "resolved": "https://registry.npmjs.org/ajv/-/ajv-8.12.0.tgz",
      "integrity": "sha512-sRu1kpcO9yLtYxBKvqfTeh9KzZEwO3STyX1HT+4CaDzC6HpTGYhIhPIzj9XuKU7KYDwnaeh5hcOwjy1QuJzBPA==",
      "dependencies": {
        "fast-deep-equal": "^3.1.1",
        "json-schema-traverse": "^1.0.0",
        "require-from-string": "^2.0.2",
        "uri-js": "^4.2.2"
      },
      "funding": {
        "type": "github",
        "url": "https://github.com/sponsors/epoberezkin"
      }
    },
    "node_modules/ajv-formats": {
      "version": "2.1.1",
      "resolved": "https://registry.npmjs.org/ajv-formats/-/ajv-formats-2.1.1.tgz",
      "integrity": "sha512-Wx0Kx52hxE7C18hkMEggYlEifqWZtYaRgouJor+WMdPnQyEK13vgEWyVNup7SoeeoLMsr4kf5h6dOW11I15MUA==",
      "dependencies": {
        "ajv": "^8.0.0"
      },
      "peerDependencies": {
        "ajv": "^8.0.0"
      },
      "peerDependenciesMeta": {
        "ajv": {
          "optional": true
        }
      }
    },
    "node_modules/ajv-formats-draft2019": {
      "version": "1.6.1",
      "resolved": "https://registry.npmjs.org/ajv-formats-draft2019/-/ajv-formats-draft2019-1.6.1.tgz",
      "integrity": "sha512-JQPvavpkWDvIsBp2Z33UkYCtXCSpW4HD3tAZ+oL4iEFOk9obQZffx0yANwECt6vzr6ET+7HN5czRyqXbnq/u0Q==",
      "dependencies": {
        "punycode": "^2.1.1",
        "schemes": "^1.4.0",
        "smtp-address-parser": "^1.0.3",
        "uri-js": "^4.4.1"
      },
      "peerDependencies": {
        "ajv": "*"
      }
    },
    "node_modules/commander": {
      "version": "2.20.3",
      "resolved": "https://registry.npmjs.org/commander/-/commander-2.20.3.tgz",
      "integrity": "sha512-GpVkmM8vF2vQUkj2LvZmD35JxeJOLCwJ9cUkugyk2nuhbv3+mJvpLYYt+0+USMxE+oj+ey/lJEnhZw75x/OMcQ=="
    },
    "node_modules/discontinuous-range": {
      "version": "1.0.0",
      "resolved": "https://registry.npmjs.org/discontinuous-range/-/discontinuous-range-1.0.0.tgz",
      "integrity": "sha512-c68LpLbO+7kP/b1Hr1qs8/BJ09F5khZGTxqxZuhzxpmwJKOgRFHJWIb9/KmqnqHhLdO55aOxFH/EGBvUQbL/RQ=="
    },
    "node_modules/extend": {
      "version": "3.0.2",
      "resolved": "https://registry.npmjs.org/extend/-/extend-3.0.2.tgz",
      "integrity": "sha512-fjquC59cD7CyW6urNXK0FBufkZcoiGG80wTuPujX590cB5Ttln20E2UB4S/WARVqhXffZl2LNgS+gQdPIIim/g=="
    },
    "node_modules/fast-deep-equal": {
      "version": "3.1.3",
      "resolved": "https://registry.npmjs.org/fast-deep-equal/-/fast-deep-equal-3.1.3.tgz",
      "integrity": "sha512-f3qQ9oQy9j2AhBe/H9VC91wLmKBCCU/gDOnKNAYG5hswO7BLKj09Hc5HYNz9cGI++xlpDCIgDaitVs03ATR84Q=="
    },
    "node_modules/is-plain-object": {
      "version": "5.0.0",
      "resolved": "https://registry.npmjs.org/is-plain-object/-/is-plain-object-5.0.0.tgz",
      "integrity": "sha512-VRSzKkbMm5jMDoKLbltAkFQ5Qr7VDiTFGXxYFXXowVj387GeGNOCsOH6Msy00SGZ3Fp84b1Naa1psqgcCIEP5Q==",
      "engines": {
        "node": ">=0.10.0"
      }
    },
    "node_modules/json-schema-traverse": {
      "version": "1.0.0",
      "resolved": "https://registry.npmjs.org/json-schema-traverse/-/json-schema-traverse-1.0.0.tgz",
      "integrity": "sha512-NM8/P9n3XjXhIZn1lLhkFaACTOURQXjWhV4BA/RnOv8xvgqtqpAX9IO4mRQxSx1Rlo4tqzeqb0sOlruaOy3dug=="
    },
    "node_modules/moo": {
      "version": "0.5.2",
      "resolved": "https://registry.npmjs.org/moo/-/moo-0.5.2.tgz",
      "integrity": "sha512-iSAJLHYKnX41mKcJKjqvnAN9sf0LMDTXDEvFv+ffuRR9a1MIuXLjMNL6EsnDHSkKLTWNqQQ5uo61P4EbU4NU+Q=="
    },
    "node_modules/nearley": {
      "version": "2.20.1",
      "resolved": "https://registry.npmjs.org/nearley/-/nearley-2.20.1.tgz",
      "integrity": "sha512-+Mc8UaAebFzgV+KpI5n7DasuuQCHA89dmwm7JXw3TV43ukfNQ9DnBH3Mdb2g/I4Fdxc26pwimBWvjIw0UAILSQ==",
      "dependencies": {
        "commander": "^2.19.0",
        "moo": "^0.5.0",
        "railroad-diagrams": "^1.0.0",
        "randexp": "0.4.6"
      },
      "bin": {
        "nearley-railroad": "bin/nearley-railroad.js",
        "nearley-test": "bin/nearley-test.js",
        "nearley-unparse": "bin/nearley-unparse.js",
        "nearleyc": "bin/nearleyc.js"
      },
      "funding": {
        "type": "individual",
        "url": "https://nearley.js.org/#give-to-nearley"
      }
    },
    "node_modules/punycode": {
      "version": "2.3.1",
      "resolved": "https://registry.npmjs.org/punycode/-/punycode-2.3.1.tgz",
      "integrity": "sha512-vYt7UD1U9Wg6138shLtLOvdAu+8DsC/ilFtEVHcH+wydcSpNE20AfSOduf6MkRFahL5FY7X1oU7nKVZFtfq8Fg==",
      "engines": {
        "node": ">=6"
      }
    },
    "node_modules/railroad-diagrams": {
      "version": "1.0.0",
      "resolved": "https://registry.npmjs.org/railroad-diagrams/-/railroad-diagrams-1.0.0.tgz",
      "integrity": "sha512-cz93DjNeLY0idrCNOH6PviZGRN9GJhsdm9hpn1YCS879fj4W+x5IFJhhkRZcwVgMmFF7R82UA/7Oh+R8lLZg6A=="
    },
    "node_modules/randexp": {
      "version": "0.4.6",
      "resolved": "https://registry.npmjs.org/randexp/-/randexp-0.4.6.tgz",
      "integrity": "sha512-80WNmd9DA0tmZrw9qQa62GPPWfuXJknrmVmLcxvq4uZBdYqb1wYoKTmnlGUchvVWe0XiLupYkBoXVOxz3C8DYQ==",
      "dependencies": {
        "discontinuous-range": "1.0.0",
        "ret": "~0.1.10"
      },
      "engines": {
        "node": ">=0.12"
      }
    },
    "node_modules/require-from-string": {
      "version": "2.0.2",
      "resolved": "https://registry.npmjs.org/require-from-string/-/require-from-string-2.0.2.tgz",
      "integrity": "sha512-Xf0nWe6RseziFMu+Ap9biiUbmplq6S9/p+7w7YXP/JBHhrUDDUhwa+vANyubuqfZWTveU//DYVGsDG7RKL/vEw==",
      "engines": {
        "node": ">=0.10.0"
      }
    },
    "node_modules/ret": {
      "version": "0.1.15",
      "resolved": "https://registry.npmjs.org/ret/-/ret-0.1.15.tgz",
      "integrity": "sha512-TTlYpa+OL+vMMNG24xSlQGEJ3B/RzEfUlLct7b5G/ytav+wPrplCpVMFuwzXbkecJrb6IYo1iFb0S9v37754mg==",
      "engines": {
        "node": ">=0.12"
      }
    },
    "node_modules/schemes": {
      "version": "1.4.0",
      "resolved": "https://registry.npmjs.org/schemes/-/schemes-1.4.0.tgz",
      "integrity": "sha512-ImFy9FbCsQlVgnE3TCWmLPCFnVzx0lHL/l+umHplDqAKd0dzFpnS6lFZIpagBlYhKwzVmlV36ec0Y1XTu8JBAQ==",
      "dependencies": {
        "extend": "^3.0.0"
      }
    },
    "node_modules/smtp-address-parser": {
      "version": "1.0.10",
      "resolved": "https://registry.npmjs.org/smtp-address-parser/-/smtp-address-parser-1.0.10.tgz",
      "integrity": "sha512-Osg9LmvGeAG/hyao4mldbflLOkkr3a+h4m1lwKCK5U8M6ZAr7tdXEz/+/vr752TSGE4MNUlUl9cIK2cB8cgzXg==",
      "dependencies": {
        "nearley": "^2.20.1"
      },
      "engines": {
        "node": ">=0.10"
      }
    },
    "node_modules/tslib": {
      "version": "2.6.2",
      "resolved": "https://registry.npmjs.org/tslib/-/tslib-2.6.2.tgz",
      "integrity": "sha512-AEYxH93jGFPn/a2iVAwW87VuUIkR1FVUKB77NwMF7nBTDkDrrT/Hpt/IrCJ0QXhW27jTBDcf5ZY7w6RiqTMw2Q=="
    },
    "node_modules/typescript": {
      "version": "5.3.3",
      "resolved": "https://registry.npmjs.org/typescript/-/typescript-5.3.3.tgz",
      "integrity": "sha512-pXWcraxM0uxAS+tN0AG/BF2TyqmHO014Z070UsJ+pFvYuRSq8KH8DmWpnbXe0pEPDHXZV3FcAbJkijJ5oNEnWw==",
      "dev": true,
      "bin": {
        "tsc": "bin/tsc",
        "tsserver": "bin/tsserver"
      },
      "engines": {
        "node": ">=14.17"
      }
    },
    "node_modules/undici-types": {
      "version": "5.26.5",
      "resolved": "https://registry.npmjs.org/undici-types/-/undici-types-5.26.5.tgz",
      "integrity": "sha512-JlCMO+ehdEIKqlFxk6IfVoAUVmgz7cU7zD/h9XZ0qzeosSHmUJVOzSQvvYSYWXkFXC+IfLKSIffhv0sVZup6pA==",
      "dev": true
    },
    "node_modules/uri-js": {
      "version": "4.4.1",
      "resolved": "https://registry.npmjs.org/uri-js/-/uri-js-4.4.1.tgz",
      "integrity": "sha512-7rKUyy33Q1yc98pQ1DAmLtwX109F7TIfWlW1Ydo8Wl1ii1SeHieeh0HHfPeL2fMXK6z0s8ecKs9frCuLJvndBg==",
      "dependencies": {
        "punycode": "^2.1.0"
      }
    }
  }
}
